
Microsoft Visual Studio Solution File, Format Version 12.00
# Visual Studio Version 17
VisualStudioVersion = 17.10.35013.160
MinimumVisualStudioVersion = 10.0.40219.1
Project("{FAE04EC0-301F-11D3-BF4B-00C04F79EFBC}") = "VID_Issuance", "VID_Issuance\VID_Issuance.csproj", "{E9E98B4C-A4DE-47F7-A38B-DCF3102F206D}"
EndProject
Global
	GlobalSection(SolutionConfigurationPlatforms) = preSolution
		Debug|Any CPU = Debug|Any CPU
		Release|Any CPU = Release|Any CPU
	EndGlobalSection
	GlobalSection(ProjectConfigurationPlatforms) = postSolution
		{E9E98B4C-A4DE-47F7-A38B-DCF3102F206D}.Debug|Any CPU.ActiveCfg = Debug|Any CPU
		{E9E98B4C-A4DE-47F7-A38B-DCF3102F206D}.Debug|Any CPU.Build.0 = Debug|Any CPU
		{E9E98B4C-A4DE-47F7-A38B-DCF3102F206D}.Release|Any CPU.ActiveCfg = Release|Any CPU
		{E9E98B4C-A4DE-47F7-A38B-DCF3102F206D}.Release|Any CPU.Build.0 = Release|Any CPU
	EndGlobalSection
	GlobalSection(SolutionProperties) = preSolution
		HideSolutionNode = FALSE
	EndGlobalSection
	GlobalSection(ExtensibilityGlobals) = postSolution
		SolutionGuid = {818D9334-69BF-4FA2-9649-9F72FC8BA5EF}
	EndGlobalSection
EndGlobal
